{
  "name": "@momento/client-sdk-typescript",
  "version": "1.0.0",
  "lockfileVersion": 2,
  "requires": true,
  "packages": {
    "": {
      "name": "@momento/client-sdk-typescript",
      "version": "1.0.0",
      "license": "MIT",
      "dependencies": {
        "@grpc/grpc-js": "1.3.7",
        "@momento/wire-types-typescript": "0.1.2",
        "google-protobuf": "^3.18.1",
        "jwt-decode": "^3.1.2"
      },
      "devDependencies": {
        "@types/google-protobuf": "^3.15.5",
        "typescript": "^4.4.3"
      }
    },
    "@momento/wire-types-typescript": {
      "extraneous": true
    },
    "node_modules/@grpc/grpc-js": {
      "version": "1.3.7",
      "resolved": "https://momento-prod-401011790710.d.codeartifact.us-west-2.amazonaws.com:443/npm/npm-upstream/@grpc/grpc-js/-/grpc-js-1.3.7.tgz",
      "integrity": "sha512-CKQVuwuSPh40tgOkR7c0ZisxYRiN05PcKPW72mQL5y++qd7CwBRoaJZvU5xfXnCJDFBmS3qZGQ71Frx6Ofo2XA==",
      "dependencies": {
        "@types/node": ">=12.12.47"
      },
      "engines": {
        "node": "^8.13.0 || >=10.10.0"
      }
    },
    "node_modules/@momento/wire-types-typescript": {
      "version": "0.1.2",
      "resolved": "https://momento.jfrog.io/artifactory/api/npm/npm-local/@momento/wire-types-typescript/-/@momento/wire-types-typescript-0.1.2.tgz",
      "integrity": "sha1-rSOrlfLsAhvltaXwgaGfbYH+VWM=",
      "license": "MIT",
      "dependencies": {
        "@grpc/grpc-js": "1.3.7"
      }
    },
    "node_modules/@types/google-protobuf": {
      "version": "3.15.5",
      "resolved": "https://momento-prod-401011790710.d.codeartifact.us-west-2.amazonaws.com:443/npm/npm-upstream/@types/google-protobuf/-/google-protobuf-3.15.5.tgz",
      "integrity": "sha512-6bgv24B+A2bo9AfzReeg5StdiijKzwwnRflA8RLd1V4Yv995LeTmo0z69/MPbBDFSiZWdZHQygLo/ccXhMEDgw==",
      "dev": true
    },
    "node_modules/@types/node": {
      "version": "16.10.3",
      "resolved": "https://momento-prod-401011790710.d.codeartifact.us-west-2.amazonaws.com:443/npm/npm-upstream/@types/node/-/node-16.10.3.tgz",
      "integrity": "sha512-ho3Ruq+fFnBrZhUYI46n/bV2GjwzSkwuT4dTf0GkuNFmnb8nq4ny2z9JEVemFi6bdEJanHLlYfy9c6FN9B9McQ=="
    },
    "node_modules/google-protobuf": {
      "version": "3.18.1",
      "resolved": "https://momento-prod-401011790710.d.codeartifact.us-west-2.amazonaws.com:443/npm/npm-upstream/google-protobuf/-/google-protobuf-3.18.1.tgz",
      "integrity": "sha512-cDqSamZ8rGs+pOzhIsBte7wpezUKg/sggeptDWN5odhnRY/eDLa5VWLeNeQvcfiqjS3yUwgM+6OePCJMB7aWZA=="
    },
    "node_modules/jwt-decode": {
      "version": "3.1.2",
      "resolved": "https://momento-prod-401011790710.d.codeartifact.us-west-2.amazonaws.com:443/npm/npm-upstream/jwt-decode/-/jwt-decode-3.1.2.tgz",
      "integrity": "sha512-UfpWE/VZn0iP50d8cz9NrZLM9lSWhcJ+0Gt/nm4by88UL+J1SiKN8/5dkjMmbEzwL2CAe+67GsegCbIKtbp75A=="
    },
    "node_modules/typescript": {
      "version": "4.4.3",
      "resolved": "https://momento-prod-401011790710.d.codeartifact.us-west-2.amazonaws.com:443/npm/npm-upstream/typescript/-/typescript-4.4.3.tgz",
      "integrity": "sha512-4xfscpisVgqqDfPaJo5vkd+Qd/ItkoagnHpufr+i2QCHBsNYp+G7UAoyFl8aPtx879u38wPV65rZ8qbGZijalA==",
      "dev": true,
      "bin": {
        "tsc": "bin/tsc",
        "tsserver": "bin/tsserver"
      },
      "engines": {
        "node": ">=4.2.0"
      }
    }
  },
  "dependencies": {
    "@grpc/grpc-js": {
      "version": "1.3.7",
      "resolved": "https://momento-prod-401011790710.d.codeartifact.us-west-2.amazonaws.com:443/npm/npm-upstream/@grpc/grpc-js/-/grpc-js-1.3.7.tgz",
      "integrity": "sha512-CKQVuwuSPh40tgOkR7c0ZisxYRiN05PcKPW72mQL5y++qd7CwBRoaJZvU5xfXnCJDFBmS3qZGQ71Frx6Ofo2XA==",
      "requires": {
        "@types/node": ">=12.12.47"
      }
    },
    "@momento/wire-types-typescript": {
      "version": "0.1.2",
      "resolved": "https://momento.jfrog.io/artifactory/api/npm/npm-local/@momento/wire-types-typescript/-/@momento/wire-types-typescript-0.1.2.tgz",
      "integrity": "sha1-rSOrlfLsAhvltaXwgaGfbYH+VWM=",
      "requires": {
        "@grpc/grpc-js": "1.3.7"
      }
    },
    "@types/google-protobuf": {
      "version": "3.15.5",
      "resolved": "https://momento-prod-401011790710.d.codeartifact.us-west-2.amazonaws.com:443/npm/npm-upstream/@types/google-protobuf/-/google-protobuf-3.15.5.tgz",
      "integrity": "sha512-6bgv24B+A2bo9AfzReeg5StdiijKzwwnRflA8RLd1V4Yv995LeTmo0z69/MPbBDFSiZWdZHQygLo/ccXhMEDgw==",
      "dev": true
    },
    "@types/node": {
      "version": "16.10.3",
      "resolved": "https://momento-prod-401011790710.d.codeartifact.us-west-2.amazonaws.com:443/npm/npm-upstream/@types/node/-/node-16.10.3.tgz",
      "integrity": "sha512-ho3Ruq+fFnBrZhUYI46n/bV2GjwzSkwuT4dTf0GkuNFmnb8nq4ny2z9JEVemFi6bdEJanHLlYfy9c6FN9B9McQ=="
    },
    "google-protobuf": {
      "version": "3.18.1",
      "resolved": "https://momento-prod-401011790710.d.codeartifact.us-west-2.amazonaws.com:443/npm/npm-upstream/google-protobuf/-/google-protobuf-3.18.1.tgz",
      "integrity": "sha512-cDqSamZ8rGs+pOzhIsBte7wpezUKg/sggeptDWN5odhnRY/eDLa5VWLeNeQvcfiqjS3yUwgM+6OePCJMB7aWZA=="
    },
    "jwt-decode": {
      "version": "3.1.2",
      "resolved": "https://momento-prod-401011790710.d.codeartifact.us-west-2.amazonaws.com:443/npm/npm-upstream/jwt-decode/-/jwt-decode-3.1.2.tgz",
      "integrity": "sha512-UfpWE/VZn0iP50d8cz9NrZLM9lSWhcJ+0Gt/nm4by88UL+J1SiKN8/5dkjMmbEzwL2CAe+67GsegCbIKtbp75A=="
    },
    "typescript": {
      "version": "4.4.3",
      "resolved": "https://momento-prod-401011790710.d.codeartifact.us-west-2.amazonaws.com:443/npm/npm-upstream/typescript/-/typescript-4.4.3.tgz",
      "integrity": "sha512-4xfscpisVgqqDfPaJo5vkd+Qd/ItkoagnHpufr+i2QCHBsNYp+G7UAoyFl8aPtx879u38wPV65rZ8qbGZijalA==",
      "dev": true
    }
  }
}
