{
  "name": "@momento/client-sdk-typescript",
  "version": "1.0.0",
  "lockfileVersion": 2,
  "requires": true,
  "packages": {
    "": {
      "name": "@momento/client-sdk-typescript",
      "version": "1.0.0",
      "license": "MIT",
      "dependencies": {
        "@momento/wire-types-typescript": "0.1.0"
      }
    },
    "node_modules/@grpc/grpc-js": {
      "version": "1.3.7",
      "resolved": "https://momento-prod-401011790710.d.codeartifact.us-west-2.amazonaws.com:443/npm/npm-upstream/@grpc/grpc-js/-/grpc-js-1.3.7.tgz",
      "integrity": "sha512-CKQVuwuSPh40tgOkR7c0ZisxYRiN05PcKPW72mQL5y++qd7CwBRoaJZvU5xfXnCJDFBmS3qZGQ71Frx6Ofo2XA==",
      "dependencies": {
        "@types/node": ">=12.12.47"
      },
      "engines": {
        "node": "^8.13.0 || >=10.10.0"
      }
    },
    "node_modules/@momento/wire-types-typescript": {
      "version": "0.1.0",
      "resolved": "https://momento.jfrog.io/artifactory/api/npm/npm-local/@momento/wire-types-typescript/-/@momento/wire-types-typescript-0.1.0.tgz",
      "integrity": "sha1-r2VaiGMUK1y0VVCGdKptksfqi8I=",
      "license": "MIT",
      "dependencies": {
        "@grpc/grpc-js": "1.3.7"
      }
    },
    "node_modules/@types/node": {
      "version": "16.10.3",
      "resolved": "https://momento-prod-401011790710.d.codeartifact.us-west-2.amazonaws.com:443/npm/npm-upstream/@types/node/-/node-16.10.3.tgz",
      "integrity": "sha512-ho3Ruq+fFnBrZhUYI46n/bV2GjwzSkwuT4dTf0GkuNFmnb8nq4ny2z9JEVemFi6bdEJanHLlYfy9c6FN9B9McQ=="
    }
  },
  "dependencies": {
    "@grpc/grpc-js": {
      "version": "1.3.7",
      "resolved": "https://momento-prod-401011790710.d.codeartifact.us-west-2.amazonaws.com:443/npm/npm-upstream/@grpc/grpc-js/-/grpc-js-1.3.7.tgz",
      "integrity": "sha512-CKQVuwuSPh40tgOkR7c0ZisxYRiN05PcKPW72mQL5y++qd7CwBRoaJZvU5xfXnCJDFBmS3qZGQ71Frx6Ofo2XA==",
      "requires": {
        "@types/node": ">=12.12.47"
      }
    },
    "@momento/wire-types-typescript": {
      "version": "0.1.0",
      "resolved": "https://momento.jfrog.io/artifactory/api/npm/npm-local/@momento/wire-types-typescript/-/@momento/wire-types-typescript-0.1.0.tgz",
      "integrity": "sha1-r2VaiGMUK1y0VVCGdKptksfqi8I=",
      "requires": {
        "@grpc/grpc-js": "1.3.7"
      }
    },
    "@types/node": {
      "version": "16.10.3",
      "resolved": "https://momento-prod-401011790710.d.codeartifact.us-west-2.amazonaws.com:443/npm/npm-upstream/@types/node/-/node-16.10.3.tgz",
      "integrity": "sha512-ho3Ruq+fFnBrZhUYI46n/bV2GjwzSkwuT4dTf0GkuNFmnb8nq4ny2z9JEVemFi6bdEJanHLlYfy9c6FN9B9McQ=="
    }
  }
}
