{
  "name": "client-sdk-javascript",
  "lockfileVersion": 2,
  "requires": true,
  "packages": {
    "": {
      "devDependencies": {
        "@types/google-protobuf": "^3.15.6"
      }
    },
    "node_modules/@types/google-protobuf": {
      "version": "3.15.6",
      "resolved": "https://registry.npmjs.org/@types/google-protobuf/-/google-protobuf-3.15.6.tgz",
      "integrity": "sha512-pYVNNJ+winC4aek+lZp93sIKxnXt5qMkuKmaqS3WGuTq0Bw1ZDYNBgzG5kkdtwcv+GmYJGo3yEg6z2cKKAiEdw==",
      "dev": true
    }
  },
  "dependencies": {
    "@types/google-protobuf": {
      "version": "3.15.6",
      "resolved": "https://registry.npmjs.org/@types/google-protobuf/-/google-protobuf-3.15.6.tgz",
      "integrity": "sha512-pYVNNJ+winC4aek+lZp93sIKxnXt5qMkuKmaqS3WGuTq0Bw1ZDYNBgzG5kkdtwcv+GmYJGo3yEg6z2cKKAiEdw==",
      "dev": true
    }
  }
}
